
Microsoft Visual Studio Solution File, Format Version 12.00
# Visual Studio Version 17
VisualStudioVersion = 17.8.34309.116
MinimumVisualStudioVersion = 10.0.40219.1
Project("{FAE04EC0-301F-11D3-BF4B-00C04F79EFBC}") = "Library.Test", "Library.Test.csproj", "{5C1F3380-8E61-4528-A866-84C54168E51A}"
EndProject
Project("{9A19103F-16F7-4668-BE54-9A1E7A4F7556}") = "LibraryAPI", "..\..\Web aplikacija\LibraryAPI\LibraryAPI.csproj", "{FE0D6735-31D4-4F26-A8D0-B5787AC8C645}"
EndProject
Global
	GlobalSection(SolutionConfigurationPlatforms) = preSolution
		Debug|Any CPU = Debug|Any CPU
		Release|Any CPU = Release|Any CPU
	EndGlobalSection
	GlobalSection(ProjectConfigurationPlatforms) = postSolution
		{5C1F3380-8E61-4528-A866-84C54168E51A}.Debug|Any CPU.ActiveCfg = Debug|Any CPU
		{5C1F3380-8E61-4528-A866-84C54168E51A}.Debug|Any CPU.Build.0 = Debug|Any CPU
		{5C1F3380-8E61-4528-A866-84C54168E51A}.Release|Any CPU.ActiveCfg = Release|Any CPU
		{5C1F3380-8E61-4528-A866-84C54168E51A}.Release|Any CPU.Build.0 = Release|Any CPU
		{FE0D6735-31D4-4F26-A8D0-B5787AC8C645}.Debug|Any CPU.ActiveCfg = Debug|Any CPU
		{FE0D6735-31D4-4F26-A8D0-B5787AC8C645}.Debug|Any CPU.Build.0 = Debug|Any CPU
		{FE0D6735-31D4-4F26-A8D0-B5787AC8C645}.Release|Any CPU.ActiveCfg = Release|Any CPU
		{FE0D6735-31D4-4F26-A8D0-B5787AC8C645}.Release|Any CPU.Build.0 = Release|Any CPU
	EndGlobalSection
	GlobalSection(SolutionProperties) = preSolution
		HideSolutionNode = FALSE
	EndGlobalSection
	GlobalSection(ExtensibilityGlobals) = postSolution
		SolutionGuid = {574757A9-FFE0-4124-862E-D7D2B22BD833}
	EndGlobalSection
EndGlobal
